
Microsoft Visual Studio Solution File, Format Version 12.00
# Visual Studio 14
VisualStudioVersion = 14.0.25420.1
MinimumVisualStudioVersion = 10.0.40219.1
Project("{FAE04EC0-301F-11D3-BF4B-00C04F79EFBC}") = "BaseMold", "DataMold\BaseMold.csproj", "{93D10DB5-3A20-4FD0-BD6A-4E52B3DA4CB0}"
EndProject
Project("{FAE04EC0-301F-11D3-BF4B-00C04F79EFBC}") = "ICmmServer", "CmmServerInterfaces\ICmmServer.csproj", "{74C41EC7-BCB9-4A62-9F67-7F80BF07F25A}"
EndProject
Project("{FAE04EC0-301F-11D3-BF4B-00C04F79EFBC}") = "CmmServer", "CmmServer\CmmServer.csproj", "{341B334C-A1D0-4007-B9F0-5B0E5CAE3778}"
EndProject
Project("{FAE04EC0-301F-11D3-BF4B-00C04F79EFBC}") = "Utilities", "Utilities\Utilities.csproj", "{1E12C44C-B625-48B7-B1EA-17DF229A6A01}"
EndProject
Project("{FAE04EC0-301F-11D3-BF4B-00C04F79EFBC}") = "ClientMold", "ClientMold\ClientMold.csproj", "{2D308F5E-1B15-47A9-954E-E9292843FD4A}"
EndProject
Project("{FAE04EC0-301F-11D3-BF4B-00C04F79EFBC}") = "MasterMold", "MasterMold\MasterMold.csproj", "{96FF993D-9DC2-422B-9B12-93A1721FDD97}"
EndProject
Project("{FAE04EC0-301F-11D3-BF4B-00C04F79EFBC}") = "PLCMold", "PLCMold\PLCMold.csproj", "{CCE248F0-66F5-42E4-9D4E-44232CFC114B}"
EndProject
Project("{2150E333-8FDC-42A3-9474-1A3956D46DE8}") = "Solution Items", "Solution Items", "{C3DDD622-9AD6-4EE6-BFF6-00A820ADF451}"
	ProjectSection(SolutionItems) = preProject
		Class2.cs = Class2.cs
		Class3.cs = Class3.cs
		Class4.cs = Class4.cs
		Common.cs = Common.cs
		Form1.cs = Form1.cs
		SampleFrm.cs = SampleFrm.cs
		记录.txt = 记录.txt
	EndProjectSection
EndProject
Project("{FAE04EC0-301F-11D3-BF4B-00C04F79EFBC}") = "BladeMold", "BladeMold\BladeMold.csproj", "{3EC3E1AA-5B80-4189-89E2-6F6314828A00}"
EndProject
Project("{2150E333-8FDC-42A3-9474-1A3956D46DE8}") = "逻辑测试", "逻辑测试", "{06AA3538-8337-4DC9-8645-5DF647BC2854}"
EndProject
Project("{FAE04EC0-301F-11D3-BF4B-00C04F79EFBC}") = "PCDServer", "PCDServer\PCDServer.csproj", "{A58219AE-2F51-425D-81B4-CAE631D18E2A}"
EndProject
Project("{FAE04EC0-301F-11D3-BF4B-00C04F79EFBC}") = "PCDClient", "PCDClient\PCDClient.csproj", "{D8DA010C-A951-45DC-A38F-7CCC7A685185}"
EndProject
Project("{FAE04EC0-301F-11D3-BF4B-00C04F79EFBC}") = "OutBladeCompletedToken", "OutBladeCompletedToken\OutBladeCompletedToken.csproj", "{A3921813-D71E-4C4C-BA7C-654A8679A2E9}"
EndProject
Project("{FAE04EC0-301F-11D3-BF4B-00C04F79EFBC}") = "ErrorMod", "ErrorMod\ErrorMod.csproj", "{9862FBED-D50B-4646-A839-40FC9290A277}"
EndProject
Project("{FAE04EC0-301F-11D3-BF4B-00C04F79EFBC}") = "ServerMainMold", "ServerMainMold\ServerMainMold.csproj", "{A86FC4F8-4E88-457A-BA9E-317AF230A0D5}"
EndProject
Project("{FAE04EC0-301F-11D3-BF4B-00C04F79EFBC}") = "UICommonTools", "UICommonTools\UICommonTools.csproj", "{71EBA0A2-4F87-44EF-8FBC-7AC7F5A3DB43}"
EndProject
Project("{FAE04EC0-301F-11D3-BF4B-00C04F79EFBC}") = "ClientMainMold", "ClientMainMold\ClientMainMold.csproj", "{E22E4B4C-82F7-4C98-AD25-FAAC5F2F651C}"
EndProject
Project("{2150E333-8FDC-42A3-9474-1A3956D46DE8}") = "MainItems", "MainItems", "{F51FD7EA-A627-45F4-A856-2046D88C99AA}"
EndProject
Global
	GlobalSection(SolutionConfigurationPlatforms) = preSolution
		CD_ROM|Any CPU = CD_ROM|Any CPU
		Debug|Any CPU = Debug|Any CPU
		DVD-5|Any CPU = DVD-5|Any CPU
		Release|Any CPU = Release|Any CPU
		SingleImage|Any CPU = SingleImage|Any CPU
	EndGlobalSection
	GlobalSection(ProjectConfigurationPlatforms) = postSolution
		{93D10DB5-3A20-4FD0-BD6A-4E52B3DA4CB0}.CD_ROM|Any CPU.ActiveCfg = Release|Any CPU
		{93D10DB5-3A20-4FD0-BD6A-4E52B3DA4CB0}.CD_ROM|Any CPU.Build.0 = Release|Any CPU
		{93D10DB5-3A20-4FD0-BD6A-4E52B3DA4CB0}.Debug|Any CPU.ActiveCfg = Debug|Any CPU
		{93D10DB5-3A20-4FD0-BD6A-4E52B3DA4CB0}.Debug|Any CPU.Build.0 = Debug|Any CPU
		{93D10DB5-3A20-4FD0-BD6A-4E52B3DA4CB0}.DVD-5|Any CPU.ActiveCfg = Debug|Any CPU
		{93D10DB5-3A20-4FD0-BD6A-4E52B3DA4CB0}.DVD-5|Any CPU.Build.0 = Debug|Any CPU
		{93D10DB5-3A20-4FD0-BD6A-4E52B3DA4CB0}.Release|Any CPU.ActiveCfg = Release|Any CPU
		{93D10DB5-3A20-4FD0-BD6A-4E52B3DA4CB0}.Release|Any CPU.Build.0 = Release|Any CPU
		{93D10DB5-3A20-4FD0-BD6A-4E52B3DA4CB0}.SingleImage|Any CPU.ActiveCfg = Release|Any CPU
		{93D10DB5-3A20-4FD0-BD6A-4E52B3DA4CB0}.SingleImage|Any CPU.Build.0 = Release|Any CPU
		{74C41EC7-BCB9-4A62-9F67-7F80BF07F25A}.CD_ROM|Any CPU.ActiveCfg = Release|Any CPU
		{74C41EC7-BCB9-4A62-9F67-7F80BF07F25A}.CD_ROM|Any CPU.Build.0 = Release|Any CPU
		{74C41EC7-BCB9-4A62-9F67-7F80BF07F25A}.Debug|Any CPU.ActiveCfg = Debug|Any CPU
		{74C41EC7-BCB9-4A62-9F67-7F80BF07F25A}.Debug|Any CPU.Build.0 = Debug|Any CPU
		{74C41EC7-BCB9-4A62-9F67-7F80BF07F25A}.DVD-5|Any CPU.ActiveCfg = Debug|Any CPU
		{74C41EC7-BCB9-4A62-9F67-7F80BF07F25A}.DVD-5|Any CPU.Build.0 = Debug|Any CPU
		{74C41EC7-BCB9-4A62-9F67-7F80BF07F25A}.Release|Any CPU.ActiveCfg = Release|Any CPU
		{74C41EC7-BCB9-4A62-9F67-7F80BF07F25A}.Release|Any CPU.Build.0 = Release|Any CPU
		{74C41EC7-BCB9-4A62-9F67-7F80BF07F25A}.SingleImage|Any CPU.ActiveCfg = Release|Any CPU
		{74C41EC7-BCB9-4A62-9F67-7F80BF07F25A}.SingleImage|Any CPU.Build.0 = Release|Any CPU
		{341B334C-A1D0-4007-B9F0-5B0E5CAE3778}.CD_ROM|Any CPU.ActiveCfg = Release|Any CPU
		{341B334C-A1D0-4007-B9F0-5B0E5CAE3778}.CD_ROM|Any CPU.Build.0 = Release|Any CPU
		{341B334C-A1D0-4007-B9F0-5B0E5CAE3778}.Debug|Any CPU.ActiveCfg = Debug|Any CPU
		{341B334C-A1D0-4007-B9F0-5B0E5CAE3778}.Debug|Any CPU.Build.0 = Debug|Any CPU
		{341B334C-A1D0-4007-B9F0-5B0E5CAE3778}.DVD-5|Any CPU.ActiveCfg = Debug|Any CPU
		{341B334C-A1D0-4007-B9F0-5B0E5CAE3778}.DVD-5|Any CPU.Build.0 = Debug|Any CPU
		{341B334C-A1D0-4007-B9F0-5B0E5CAE3778}.Release|Any CPU.ActiveCfg = Release|Any CPU
		{341B334C-A1D0-4007-B9F0-5B0E5CAE3778}.Release|Any CPU.Build.0 = Release|Any CPU
		{341B334C-A1D0-4007-B9F0-5B0E5CAE3778}.SingleImage|Any CPU.ActiveCfg = Release|Any CPU
		{341B334C-A1D0-4007-B9F0-5B0E5CAE3778}.SingleImage|Any CPU.Build.0 = Release|Any CPU
		{1E12C44C-B625-48B7-B1EA-17DF229A6A01}.CD_ROM|Any CPU.ActiveCfg = Release|Any CPU
		{1E12C44C-B625-48B7-B1EA-17DF229A6A01}.CD_ROM|Any CPU.Build.0 = Release|Any CPU
		{1E12C44C-B625-48B7-B1EA-17DF229A6A01}.Debug|Any CPU.ActiveCfg = Debug|Any CPU
		{1E12C44C-B625-48B7-B1EA-17DF229A6A01}.Debug|Any CPU.Build.0 = Debug|Any CPU
		{1E12C44C-B625-48B7-B1EA-17DF229A6A01}.DVD-5|Any CPU.ActiveCfg = Debug|Any CPU
		{1E12C44C-B625-48B7-B1EA-17DF229A6A01}.DVD-5|Any CPU.Build.0 = Debug|Any CPU
		{1E12C44C-B625-48B7-B1EA-17DF229A6A01}.Release|Any CPU.ActiveCfg = Release|Any CPU
		{1E12C44C-B625-48B7-B1EA-17DF229A6A01}.Release|Any CPU.Build.0 = Release|Any CPU
		{1E12C44C-B625-48B7-B1EA-17DF229A6A01}.SingleImage|Any CPU.ActiveCfg = Release|Any CPU
		{1E12C44C-B625-48B7-B1EA-17DF229A6A01}.SingleImage|Any CPU.Build.0 = Release|Any CPU
		{2D308F5E-1B15-47A9-954E-E9292843FD4A}.CD_ROM|Any CPU.ActiveCfg = Release|Any CPU
		{2D308F5E-1B15-47A9-954E-E9292843FD4A}.CD_ROM|Any CPU.Build.0 = Release|Any CPU
		{2D308F5E-1B15-47A9-954E-E9292843FD4A}.Debug|Any CPU.ActiveCfg = Debug|Any CPU
		{2D308F5E-1B15-47A9-954E-E9292843FD4A}.Debug|Any CPU.Build.0 = Debug|Any CPU
		{2D308F5E-1B15-47A9-954E-E9292843FD4A}.DVD-5|Any CPU.ActiveCfg = Debug|Any CPU
		{2D308F5E-1B15-47A9-954E-E9292843FD4A}.DVD-5|Any CPU.Build.0 = Debug|Any CPU
		{2D308F5E-1B15-47A9-954E-E9292843FD4A}.Release|Any CPU.ActiveCfg = Release|Any CPU
		{2D308F5E-1B15-47A9-954E-E9292843FD4A}.Release|Any CPU.Build.0 = Release|Any CPU
		{2D308F5E-1B15-47A9-954E-E9292843FD4A}.SingleImage|Any CPU.ActiveCfg = Release|Any CPU
		{2D308F5E-1B15-47A9-954E-E9292843FD4A}.SingleImage|Any CPU.Build.0 = Release|Any CPU
		{96FF993D-9DC2-422B-9B12-93A1721FDD97}.CD_ROM|Any CPU.ActiveCfg = Release|Any CPU
		{96FF993D-9DC2-422B-9B12-93A1721FDD97}.Debug|Any CPU.ActiveCfg = Debug|Any CPU
		{96FF993D-9DC2-422B-9B12-93A1721FDD97}.Debug|Any CPU.Build.0 = Debug|Any CPU
		{96FF993D-9DC2-422B-9B12-93A1721FDD97}.DVD-5|Any CPU.ActiveCfg = Debug|Any CPU
		{96FF993D-9DC2-422B-9B12-93A1721FDD97}.Release|Any CPU.ActiveCfg = Release|Any CPU
		{96FF993D-9DC2-422B-9B12-93A1721FDD97}.Release|Any CPU.Build.0 = Release|Any CPU
		{96FF993D-9DC2-422B-9B12-93A1721FDD97}.SingleImage|Any CPU.ActiveCfg = Release|Any CPU
		{CCE248F0-66F5-42E4-9D4E-44232CFC114B}.CD_ROM|Any CPU.ActiveCfg = Release|Any CPU
		{CCE248F0-66F5-42E4-9D4E-44232CFC114B}.CD_ROM|Any CPU.Build.0 = Release|Any CPU
		{CCE248F0-66F5-42E4-9D4E-44232CFC114B}.Debug|Any CPU.ActiveCfg = Debug|Any CPU
		{CCE248F0-66F5-42E4-9D4E-44232CFC114B}.Debug|Any CPU.Build.0 = Debug|Any CPU
		{CCE248F0-66F5-42E4-9D4E-44232CFC114B}.DVD-5|Any CPU.ActiveCfg = Debug|Any CPU
		{CCE248F0-66F5-42E4-9D4E-44232CFC114B}.DVD-5|Any CPU.Build.0 = Debug|Any CPU
		{CCE248F0-66F5-42E4-9D4E-44232CFC114B}.Release|Any CPU.ActiveCfg = Release|Any CPU
		{CCE248F0-66F5-42E4-9D4E-44232CFC114B}.Release|Any CPU.Build.0 = Release|Any CPU
		{CCE248F0-66F5-42E4-9D4E-44232CFC114B}.SingleImage|Any CPU.ActiveCfg = Release|Any CPU
		{CCE248F0-66F5-42E4-9D4E-44232CFC114B}.SingleImage|Any CPU.Build.0 = Release|Any CPU
		{3EC3E1AA-5B80-4189-89E2-6F6314828A00}.CD_ROM|Any CPU.ActiveCfg = Release|Any CPU
		{3EC3E1AA-5B80-4189-89E2-6F6314828A00}.CD_ROM|Any CPU.Build.0 = Release|Any CPU
		{3EC3E1AA-5B80-4189-89E2-6F6314828A00}.Debug|Any CPU.ActiveCfg = Debug|Any CPU
		{3EC3E1AA-5B80-4189-89E2-6F6314828A00}.Debug|Any CPU.Build.0 = Debug|Any CPU
		{3EC3E1AA-5B80-4189-89E2-6F6314828A00}.DVD-5|Any CPU.ActiveCfg = Debug|Any CPU
		{3EC3E1AA-5B80-4189-89E2-6F6314828A00}.DVD-5|Any CPU.Build.0 = Debug|Any CPU
		{3EC3E1AA-5B80-4189-89E2-6F6314828A00}.Release|Any CPU.ActiveCfg = Release|Any CPU
		{3EC3E1AA-5B80-4189-89E2-6F6314828A00}.Release|Any CPU.Build.0 = Release|Any CPU
		{3EC3E1AA-5B80-4189-89E2-6F6314828A00}.SingleImage|Any CPU.ActiveCfg = Release|Any CPU
		{3EC3E1AA-5B80-4189-89E2-6F6314828A00}.SingleImage|Any CPU.Build.0 = Release|Any CPU
		{A58219AE-2F51-425D-81B4-CAE631D18E2A}.CD_ROM|Any CPU.ActiveCfg = Release|Any CPU
		{A58219AE-2F51-425D-81B4-CAE631D18E2A}.CD_ROM|Any CPU.Build.0 = Release|Any CPU
		{A58219AE-2F51-425D-81B4-CAE631D18E2A}.Debug|Any CPU.ActiveCfg = Debug|Any CPU
		{A58219AE-2F51-425D-81B4-CAE631D18E2A}.Debug|Any CPU.Build.0 = Debug|Any CPU
		{A58219AE-2F51-425D-81B4-CAE631D18E2A}.DVD-5|Any CPU.ActiveCfg = Debug|Any CPU
		{A58219AE-2F51-425D-81B4-CAE631D18E2A}.DVD-5|Any CPU.Build.0 = Debug|Any CPU
		{A58219AE-2F51-425D-81B4-CAE631D18E2A}.Release|Any CPU.ActiveCfg = Release|Any CPU
		{A58219AE-2F51-425D-81B4-CAE631D18E2A}.Release|Any CPU.Build.0 = Release|Any CPU
		{A58219AE-2F51-425D-81B4-CAE631D18E2A}.SingleImage|Any CPU.ActiveCfg = Release|Any CPU
		{A58219AE-2F51-425D-81B4-CAE631D18E2A}.SingleImage|Any CPU.Build.0 = Release|Any CPU
		{D8DA010C-A951-45DC-A38F-7CCC7A685185}.CD_ROM|Any CPU.ActiveCfg = Release|Any CPU
		{D8DA010C-A951-45DC-A38F-7CCC7A685185}.CD_ROM|Any CPU.Build.0 = Release|Any CPU
		{D8DA010C-A951-45DC-A38F-7CCC7A685185}.Debug|Any CPU.ActiveCfg = Debug|Any CPU
		{D8DA010C-A951-45DC-A38F-7CCC7A685185}.Debug|Any CPU.Build.0 = Debug|Any CPU
		{D8DA010C-A951-45DC-A38F-7CCC7A685185}.DVD-5|Any CPU.ActiveCfg = Debug|Any CPU
		{D8DA010C-A951-45DC-A38F-7CCC7A685185}.DVD-5|Any CPU.Build.0 = Debug|Any CPU
		{D8DA010C-A951-45DC-A38F-7CCC7A685185}.Release|Any CPU.ActiveCfg = Release|Any CPU
		{D8DA010C-A951-45DC-A38F-7CCC7A685185}.Release|Any CPU.Build.0 = Release|Any CPU
		{D8DA010C-A951-45DC-A38F-7CCC7A685185}.SingleImage|Any CPU.ActiveCfg = Release|Any CPU
		{D8DA010C-A951-45DC-A38F-7CCC7A685185}.SingleImage|Any CPU.Build.0 = Release|Any CPU
		{A3921813-D71E-4C4C-BA7C-654A8679A2E9}.CD_ROM|Any CPU.ActiveCfg = Release|Any CPU
		{A3921813-D71E-4C4C-BA7C-654A8679A2E9}.CD_ROM|Any CPU.Build.0 = Release|Any CPU
		{A3921813-D71E-4C4C-BA7C-654A8679A2E9}.Debug|Any CPU.ActiveCfg = Debug|Any CPU
		{A3921813-D71E-4C4C-BA7C-654A8679A2E9}.Debug|Any CPU.Build.0 = Debug|Any CPU
		{A3921813-D71E-4C4C-BA7C-654A8679A2E9}.DVD-5|Any CPU.ActiveCfg = Debug|Any CPU
		{A3921813-D71E-4C4C-BA7C-654A8679A2E9}.DVD-5|Any CPU.Build.0 = Debug|Any CPU
		{A3921813-D71E-4C4C-BA7C-654A8679A2E9}.Release|Any CPU.ActiveCfg = Release|Any CPU
		{A3921813-D71E-4C4C-BA7C-654A8679A2E9}.Release|Any CPU.Build.0 = Release|Any CPU
		{A3921813-D71E-4C4C-BA7C-654A8679A2E9}.SingleImage|Any CPU.ActiveCfg = Release|Any CPU
		{A3921813-D71E-4C4C-BA7C-654A8679A2E9}.SingleImage|Any CPU.Build.0 = Release|Any CPU
		{9862FBED-D50B-4646-A839-40FC9290A277}.CD_ROM|Any CPU.ActiveCfg = Release|Any CPU
		{9862FBED-D50B-4646-A839-40FC9290A277}.CD_ROM|Any CPU.Build.0 = Release|Any CPU
		{9862FBED-D50B-4646-A839-40FC9290A277}.Debug|Any CPU.ActiveCfg = Debug|Any CPU
		{9862FBED-D50B-4646-A839-40FC9290A277}.Debug|Any CPU.Build.0 = Debug|Any CPU
		{9862FBED-D50B-4646-A839-40FC9290A277}.DVD-5|Any CPU.ActiveCfg = Debug|Any CPU
		{9862FBED-D50B-4646-A839-40FC9290A277}.DVD-5|Any CPU.Build.0 = Debug|Any CPU
		{9862FBED-D50B-4646-A839-40FC9290A277}.Release|Any CPU.ActiveCfg = Release|Any CPU
		{9862FBED-D50B-4646-A839-40FC9290A277}.Release|Any CPU.Build.0 = Release|Any CPU
		{9862FBED-D50B-4646-A839-40FC9290A277}.SingleImage|Any CPU.ActiveCfg = Release|Any CPU
		{9862FBED-D50B-4646-A839-40FC9290A277}.SingleImage|Any CPU.Build.0 = Release|Any CPU
		{A86FC4F8-4E88-457A-BA9E-317AF230A0D5}.CD_ROM|Any CPU.ActiveCfg = Release|Any CPU
		{A86FC4F8-4E88-457A-BA9E-317AF230A0D5}.CD_ROM|Any CPU.Build.0 = Release|Any CPU
		{A86FC4F8-4E88-457A-BA9E-317AF230A0D5}.Debug|Any CPU.ActiveCfg = Debug|Any CPU
		{A86FC4F8-4E88-457A-BA9E-317AF230A0D5}.Debug|Any CPU.Build.0 = Debug|Any CPU
		{A86FC4F8-4E88-457A-BA9E-317AF230A0D5}.DVD-5|Any CPU.ActiveCfg = Debug|Any CPU
		{A86FC4F8-4E88-457A-BA9E-317AF230A0D5}.DVD-5|Any CPU.Build.0 = Debug|Any CPU
		{A86FC4F8-4E88-457A-BA9E-317AF230A0D5}.Release|Any CPU.ActiveCfg = Release|Any CPU
		{A86FC4F8-4E88-457A-BA9E-317AF230A0D5}.Release|Any CPU.Build.0 = Release|Any CPU
		{A86FC4F8-4E88-457A-BA9E-317AF230A0D5}.SingleImage|Any CPU.ActiveCfg = Release|Any CPU
		{A86FC4F8-4E88-457A-BA9E-317AF230A0D5}.SingleImage|Any CPU.Build.0 = Release|Any CPU
		{71EBA0A2-4F87-44EF-8FBC-7AC7F5A3DB43}.CD_ROM|Any CPU.ActiveCfg = Release|Any CPU
		{71EBA0A2-4F87-44EF-8FBC-7AC7F5A3DB43}.CD_ROM|Any CPU.Build.0 = Release|Any CPU
		{71EBA0A2-4F87-44EF-8FBC-7AC7F5A3DB43}.Debug|Any CPU.ActiveCfg = Debug|Any CPU
		{71EBA0A2-4F87-44EF-8FBC-7AC7F5A3DB43}.Debug|Any CPU.Build.0 = Debug|Any CPU
		{71EBA0A2-4F87-44EF-8FBC-7AC7F5A3DB43}.DVD-5|Any CPU.ActiveCfg = Debug|Any CPU
		{71EBA0A2-4F87-44EF-8FBC-7AC7F5A3DB43}.DVD-5|Any CPU.Build.0 = Debug|Any CPU
		{71EBA0A2-4F87-44EF-8FBC-7AC7F5A3DB43}.Release|Any CPU.ActiveCfg = Release|Any CPU
		{71EBA0A2-4F87-44EF-8FBC-7AC7F5A3DB43}.Release|Any CPU.Build.0 = Release|Any CPU
		{71EBA0A2-4F87-44EF-8FBC-7AC7F5A3DB43}.SingleImage|Any CPU.ActiveCfg = Release|Any CPU
		{71EBA0A2-4F87-44EF-8FBC-7AC7F5A3DB43}.SingleImage|Any CPU.Build.0 = Release|Any CPU
		{E22E4B4C-82F7-4C98-AD25-FAAC5F2F651C}.CD_ROM|Any CPU.ActiveCfg = Release|Any CPU
		{E22E4B4C-82F7-4C98-AD25-FAAC5F2F651C}.CD_ROM|Any CPU.Build.0 = Release|Any CPU
		{E22E4B4C-82F7-4C98-AD25-FAAC5F2F651C}.Debug|Any CPU.ActiveCfg = Debug|Any CPU
		{E22E4B4C-82F7-4C98-AD25-FAAC5F2F651C}.Debug|Any CPU.Build.0 = Debug|Any CPU
		{E22E4B4C-82F7-4C98-AD25-FAAC5F2F651C}.DVD-5|Any CPU.ActiveCfg = Debug|Any CPU
		{E22E4B4C-82F7-4C98-AD25-FAAC5F2F651C}.DVD-5|Any CPU.Build.0 = Debug|Any CPU
		{E22E4B4C-82F7-4C98-AD25-FAAC5F2F651C}.Release|Any CPU.ActiveCfg = Release|Any CPU
		{E22E4B4C-82F7-4C98-AD25-FAAC5F2F651C}.Release|Any CPU.Build.0 = Release|Any CPU
		{E22E4B4C-82F7-4C98-AD25-FAAC5F2F651C}.SingleImage|Any CPU.ActiveCfg = Release|Any CPU
		{E22E4B4C-82F7-4C98-AD25-FAAC5F2F651C}.SingleImage|Any CPU.Build.0 = Release|Any CPU
	EndGlobalSection
	GlobalSection(SolutionProperties) = preSolution
		HideSolutionNode = FALSE
	EndGlobalSection
	GlobalSection(NestedProjects) = preSolution
		{A58219AE-2F51-425D-81B4-CAE631D18E2A} = {06AA3538-8337-4DC9-8645-5DF647BC2854}
		{D8DA010C-A951-45DC-A38F-7CCC7A685185} = {06AA3538-8337-4DC9-8645-5DF647BC2854}
		{A86FC4F8-4E88-457A-BA9E-317AF230A0D5} = {F51FD7EA-A627-45F4-A856-2046D88C99AA}
		{E22E4B4C-82F7-4C98-AD25-FAAC5F2F651C} = {F51FD7EA-A627-45F4-A856-2046D88C99AA}
	EndGlobalSection
EndGlobal
